
Microsoft Visual Studio Solution File, Format Version 12.00
# Visual Studio Version 17
VisualStudioVersion = 17.3.32929.385
MinimumVisualStudioVersion = 10.0.40219.1
Project("{9A19103F-16F7-4668-BE54-9A1E7A4F7556}") = "Kassasystem", "Kassasystem\Kassasystem.csproj", "{B9951C6E-67E4-4204-8696-60E19CB89F21}"
EndProject
Global
	GlobalSection(SolutionConfigurationPlatforms) = preSolution
		Debug|Any CPU = Debug|Any CPU
		Release|Any CPU = Release|Any CPU
	EndGlobalSection
	GlobalSection(ProjectConfigurationPlatforms) = postSolution
		{B9951C6E-67E4-4204-8696-60E19CB89F21}.Debug|Any CPU.ActiveCfg = Debug|Any CPU
		{B9951C6E-67E4-4204-8696-60E19CB89F21}.Debug|Any CPU.Build.0 = Debug|Any CPU
		{B9951C6E-67E4-4204-8696-60E19CB89F21}.Release|Any CPU.ActiveCfg = Release|Any CPU
		{B9951C6E-67E4-4204-8696-60E19CB89F21}.Release|Any CPU.Build.0 = Release|Any CPU
	EndGlobalSection
	GlobalSection(SolutionProperties) = preSolution
		HideSolutionNode = FALSE
	EndGlobalSection
	GlobalSection(ExtensibilityGlobals) = postSolution
		SolutionGuid = {41C106C1-EDA3-46B0-B060-240033580541}
	EndGlobalSection
EndGlobal
